
Microsoft Visual Studio Solution File, Format Version 12.00
# Visual Studio Version 16
VisualStudioVersion = 16.0.31019.35
MinimumVisualStudioVersion = 10.0.40219.1
Project("{2150E333-8FDC-42A3-9474-1A3956D46DE8}") = "Services", "Services", "{B95FC3CC-542A-493C-8BB6-EC3DC2C515C8}"
EndProject
Project("{2150E333-8FDC-42A3-9474-1A3956D46DE8}") = "Catalog", "Catalog", "{6D08EC33-AC9E-4CA2-A7F3-27F1CACC70FE}"
EndProject
Project("{9A19103F-16F7-4668-BE54-9A1E7A4F7556}") = "Catalog.API", "Services\Catalog\Catalog.API\Catalog.API.csproj", "{9A76162F-06CD-45A0-9D02-9537AC69D510}"
EndProject
Project("{E53339B2-1760-4266-BCC7-CA923CBCF16C}") = "docker-compose", "docker-compose.dcproj", "{D06DA899-5C21-478B-B9C5-D1F9332AA430}"
EndProject
Project("{2150E333-8FDC-42A3-9474-1A3956D46DE8}") = "Basket", "Basket", "{B6A354C3-46A9-45B4-8B05-D178B7925BFD}"
EndProject
Project("{9A19103F-16F7-4668-BE54-9A1E7A4F7556}") = "Basket.API", "Services\Basket\Basket.Api\Basket.API.csproj", "{BF7A3F0D-4406-40EE-9861-8B8DDA11807E}"
EndProject
Project("{2150E333-8FDC-42A3-9474-1A3956D46DE8}") = "Discount", "Discount", "{EB84D72E-C4DA-48BF-8AF8-2724FB4D8D0D}"
EndProject
Project("{9A19103F-16F7-4668-BE54-9A1E7A4F7556}") = "Discount.API", "Services\Discount\Discount.API\Discount.API.csproj", "{686EF1A2-0BCC-4F98-8878-EC048D0E7ACA}"
EndProject
Project("{9A19103F-16F7-4668-BE54-9A1E7A4F7556}") = "Discount.Grpc", "Services\Discount\Discount.Grpc\Discount.Grpc.csproj", "{930B1913-11D4-417C-AEFD-84059C1C3722}"
EndProject
Project("{2150E333-8FDC-42A3-9474-1A3956D46DE8}") = "Ordering", "Ordering", "{5212C112-4935-4584-9A3B-B141DE49AB51}"
EndProject
Project("{9A19103F-16F7-4668-BE54-9A1E7A4F7556}") = "Ordering.API", "Services\Ordering\Ordering.API\Ordering.API.csproj", "{DD13DC0B-F3FC-4427-81DB-2FAA007A71B3}"
EndProject
Project("{9A19103F-16F7-4668-BE54-9A1E7A4F7556}") = "Ordering.Domain", "Services\Ordering\Ordering.Domain\Ordering.Domain.csproj", "{86E97DEA-6C13-4D73-B000-C48D06E09476}"
EndProject
Project("{9A19103F-16F7-4668-BE54-9A1E7A4F7556}") = "Ordering.Application", "Services\Ordering\Ordering.Application\Ordering.Application.csproj", "{9FA9698B-F430-4B64-8B28-58D84EDFC24D}"
EndProject
Project("{9A19103F-16F7-4668-BE54-9A1E7A4F7556}") = "Ordering.Infrastructure", "Services\Ordering\Ordering.Infrastructure\Ordering.Infrastructure.csproj", "{24BE0E91-686A-4EA1-A00C-9557A28BC441}"
EndProject
Project("{2150E333-8FDC-42A3-9474-1A3956D46DE8}") = "BuildingBlocks", "BuildingBlocks", "{B36194C6-C317-43BB-BA63-6B136D9096CC}"
EndProject
Project("{9A19103F-16F7-4668-BE54-9A1E7A4F7556}") = "EventBus.Messages", "BuildingBlocks\EventBus.Messages\EventBus.Messages.csproj", "{7B7CD5B2-FDAA-4CA5-9C95-1920B1AB21EE}"
EndProject
Project("{2150E333-8FDC-42A3-9474-1A3956D46DE8}") = "ApiGateways", "ApiGateways", "{8D7084A7-1094-4963-80C2-D25B81EBD150}"
EndProject
Project("{9A19103F-16F7-4668-BE54-9A1E7A4F7556}") = "OcelotApiGw", "ApiGateways\OcelotApiGw\OcelotApiGw.csproj", "{98E6B849-6CEC-484D-92D5-2D81BF67103A}"
EndProject
Project("{9A19103F-16F7-4668-BE54-9A1E7A4F7556}") = "Shopping.Aggregator", "ApiGateways\Shopping.Aggregator\Shopping.Aggregator.csproj", "{0F457A64-9CE6-4E67-B223-EC2EE9C78DD5}"
EndProject
Project("{2150E333-8FDC-42A3-9474-1A3956D46DE8}") = "WebApps", "WebApps", "{D198B7D7-2E69-4A91-8926-EFC6C36B3C34}"
EndProject
Project("{9A19103F-16F7-4668-BE54-9A1E7A4F7556}") = "AspnetRunBasics", "WebApps\AspnetRunBasics\AspnetRunBasics.csproj", "{2DBCFFA1-7D6F-470F-8BD2-DD1E8929B1E8}"
EndProject
Global
	GlobalSection(SolutionConfigurationPlatforms) = preSolution
		Debug|Any CPU = Debug|Any CPU
		Release|Any CPU = Release|Any CPU
	EndGlobalSection
	GlobalSection(ProjectConfigurationPlatforms) = postSolution
		{9A76162F-06CD-45A0-9D02-9537AC69D510}.Debug|Any CPU.ActiveCfg = Debug|Any CPU
		{9A76162F-06CD-45A0-9D02-9537AC69D510}.Debug|Any CPU.Build.0 = Debug|Any CPU
		{9A76162F-06CD-45A0-9D02-9537AC69D510}.Release|Any CPU.ActiveCfg = Release|Any CPU
		{9A76162F-06CD-45A0-9D02-9537AC69D510}.Release|Any CPU.Build.0 = Release|Any CPU
		{D06DA899-5C21-478B-B9C5-D1F9332AA430}.Debug|Any CPU.ActiveCfg = Debug|Any CPU
		{D06DA899-5C21-478B-B9C5-D1F9332AA430}.Debug|Any CPU.Build.0 = Debug|Any CPU
		{D06DA899-5C21-478B-B9C5-D1F9332AA430}.Release|Any CPU.ActiveCfg = Release|Any CPU
		{D06DA899-5C21-478B-B9C5-D1F9332AA430}.Release|Any CPU.Build.0 = Release|Any CPU
		{BF7A3F0D-4406-40EE-9861-8B8DDA11807E}.Debug|Any CPU.ActiveCfg = Debug|Any CPU
		{BF7A3F0D-4406-40EE-9861-8B8DDA11807E}.Debug|Any CPU.Build.0 = Debug|Any CPU
		{BF7A3F0D-4406-40EE-9861-8B8DDA11807E}.Release|Any CPU.ActiveCfg = Release|Any CPU
		{BF7A3F0D-4406-40EE-9861-8B8DDA11807E}.Release|Any CPU.Build.0 = Release|Any CPU
		{686EF1A2-0BCC-4F98-8878-EC048D0E7ACA}.Debug|Any CPU.ActiveCfg = Debug|Any CPU
		{686EF1A2-0BCC-4F98-8878-EC048D0E7ACA}.Debug|Any CPU.Build.0 = Debug|Any CPU
		{686EF1A2-0BCC-4F98-8878-EC048D0E7ACA}.Release|Any CPU.ActiveCfg = Release|Any CPU
		{686EF1A2-0BCC-4F98-8878-EC048D0E7ACA}.Release|Any CPU.Build.0 = Release|Any CPU
		{930B1913-11D4-417C-AEFD-84059C1C3722}.Debug|Any CPU.ActiveCfg = Debug|Any CPU
		{930B1913-11D4-417C-AEFD-84059C1C3722}.Debug|Any CPU.Build.0 = Debug|Any CPU
		{930B1913-11D4-417C-AEFD-84059C1C3722}.Release|Any CPU.ActiveCfg = Release|Any CPU
		{930B1913-11D4-417C-AEFD-84059C1C3722}.Release|Any CPU.Build.0 = Release|Any CPU
		{DD13DC0B-F3FC-4427-81DB-2FAA007A71B3}.Debug|Any CPU.ActiveCfg = Debug|Any CPU
		{DD13DC0B-F3FC-4427-81DB-2FAA007A71B3}.Debug|Any CPU.Build.0 = Debug|Any CPU
		{DD13DC0B-F3FC-4427-81DB-2FAA007A71B3}.Release|Any CPU.ActiveCfg = Release|Any CPU
		{DD13DC0B-F3FC-4427-81DB-2FAA007A71B3}.Release|Any CPU.Build.0 = Release|Any CPU
		{86E97DEA-6C13-4D73-B000-C48D06E09476}.Debug|Any CPU.ActiveCfg = Debug|Any CPU
		{86E97DEA-6C13-4D73-B000-C48D06E09476}.Debug|Any CPU.Build.0 = Debug|Any CPU
		{86E97DEA-6C13-4D73-B000-C48D06E09476}.Release|Any CPU.ActiveCfg = Release|Any CPU
		{86E97DEA-6C13-4D73-B000-C48D06E09476}.Release|Any CPU.Build.0 = Release|Any CPU
		{9FA9698B-F430-4B64-8B28-58D84EDFC24D}.Debug|Any CPU.ActiveCfg = Debug|Any CPU
		{9FA9698B-F430-4B64-8B28-58D84EDFC24D}.Debug|Any CPU.Build.0 = Debug|Any CPU
		{9FA9698B-F430-4B64-8B28-58D84EDFC24D}.Release|Any CPU.ActiveCfg = Release|Any CPU
		{9FA9698B-F430-4B64-8B28-58D84EDFC24D}.Release|Any CPU.Build.0 = Release|Any CPU
		{24BE0E91-686A-4EA1-A00C-9557A28BC441}.Debug|Any CPU.ActiveCfg = Debug|Any CPU
		{24BE0E91-686A-4EA1-A00C-9557A28BC441}.Debug|Any CPU.Build.0 = Debug|Any CPU
		{24BE0E91-686A-4EA1-A00C-9557A28BC441}.Release|Any CPU.ActiveCfg = Release|Any CPU
		{24BE0E91-686A-4EA1-A00C-9557A28BC441}.Release|Any CPU.Build.0 = Release|Any CPU
		{7B7CD5B2-FDAA-4CA5-9C95-1920B1AB21EE}.Debug|Any CPU.ActiveCfg = Debug|Any CPU
		{7B7CD5B2-FDAA-4CA5-9C95-1920B1AB21EE}.Debug|Any CPU.Build.0 = Debug|Any CPU
		{7B7CD5B2-FDAA-4CA5-9C95-1920B1AB21EE}.Release|Any CPU.ActiveCfg = Release|Any CPU
		{7B7CD5B2-FDAA-4CA5-9C95-1920B1AB21EE}.Release|Any CPU.Build.0 = Release|Any CPU
		{98E6B849-6CEC-484D-92D5-2D81BF67103A}.Debug|Any CPU.ActiveCfg = Debug|Any CPU
		{98E6B849-6CEC-484D-92D5-2D81BF67103A}.Debug|Any CPU.Build.0 = Debug|Any CPU
		{98E6B849-6CEC-484D-92D5-2D81BF67103A}.Release|Any CPU.ActiveCfg = Release|Any CPU
		{98E6B849-6CEC-484D-92D5-2D81BF67103A}.Release|Any CPU.Build.0 = Release|Any CPU
		{0F457A64-9CE6-4E67-B223-EC2EE9C78DD5}.Debug|Any CPU.ActiveCfg = Debug|Any CPU
		{0F457A64-9CE6-4E67-B223-EC2EE9C78DD5}.Debug|Any CPU.Build.0 = Debug|Any CPU
		{0F457A64-9CE6-4E67-B223-EC2EE9C78DD5}.Release|Any CPU.ActiveCfg = Release|Any CPU
		{0F457A64-9CE6-4E67-B223-EC2EE9C78DD5}.Release|Any CPU.Build.0 = Release|Any CPU
		{2DBCFFA1-7D6F-470F-8BD2-DD1E8929B1E8}.Debug|Any CPU.ActiveCfg = Debug|Any CPU
		{2DBCFFA1-7D6F-470F-8BD2-DD1E8929B1E8}.Debug|Any CPU.Build.0 = Debug|Any CPU
		{2DBCFFA1-7D6F-470F-8BD2-DD1E8929B1E8}.Release|Any CPU.ActiveCfg = Release|Any CPU
		{2DBCFFA1-7D6F-470F-8BD2-DD1E8929B1E8}.Release|Any CPU.Build.0 = Release|Any CPU
	EndGlobalSection
	GlobalSection(SolutionProperties) = preSolution
		HideSolutionNode = FALSE
	EndGlobalSection
	GlobalSection(NestedProjects) = preSolution
		{6D08EC33-AC9E-4CA2-A7F3-27F1CACC70FE} = {B95FC3CC-542A-493C-8BB6-EC3DC2C515C8}
		{9A76162F-06CD-45A0-9D02-9537AC69D510} = {6D08EC33-AC9E-4CA2-A7F3-27F1CACC70FE}
		{B6A354C3-46A9-45B4-8B05-D178B7925BFD} = {B95FC3CC-542A-493C-8BB6-EC3DC2C515C8}
		{BF7A3F0D-4406-40EE-9861-8B8DDA11807E} = {B6A354C3-46A9-45B4-8B05-D178B7925BFD}
		{EB84D72E-C4DA-48BF-8AF8-2724FB4D8D0D} = {B95FC3CC-542A-493C-8BB6-EC3DC2C515C8}
		{686EF1A2-0BCC-4F98-8878-EC048D0E7ACA} = {EB84D72E-C4DA-48BF-8AF8-2724FB4D8D0D}
		{930B1913-11D4-417C-AEFD-84059C1C3722} = {EB84D72E-C4DA-48BF-8AF8-2724FB4D8D0D}
		{5212C112-4935-4584-9A3B-B141DE49AB51} = {B95FC3CC-542A-493C-8BB6-EC3DC2C515C8}
		{DD13DC0B-F3FC-4427-81DB-2FAA007A71B3} = {5212C112-4935-4584-9A3B-B141DE49AB51}
		{86E97DEA-6C13-4D73-B000-C48D06E09476} = {5212C112-4935-4584-9A3B-B141DE49AB51}
		{9FA9698B-F430-4B64-8B28-58D84EDFC24D} = {5212C112-4935-4584-9A3B-B141DE49AB51}
		{24BE0E91-686A-4EA1-A00C-9557A28BC441} = {5212C112-4935-4584-9A3B-B141DE49AB51}
		{7B7CD5B2-FDAA-4CA5-9C95-1920B1AB21EE} = {B36194C6-C317-43BB-BA63-6B136D9096CC}
		{98E6B849-6CEC-484D-92D5-2D81BF67103A} = {8D7084A7-1094-4963-80C2-D25B81EBD150}
		{0F457A64-9CE6-4E67-B223-EC2EE9C78DD5} = {8D7084A7-1094-4963-80C2-D25B81EBD150}
		{2DBCFFA1-7D6F-470F-8BD2-DD1E8929B1E8} = {D198B7D7-2E69-4A91-8926-EFC6C36B3C34}
	EndGlobalSection
	GlobalSection(ExtensibilityGlobals) = postSolution
		SolutionGuid = {D7192884-4ED5-4D97-8B8C-28ACC300FE13}
	EndGlobalSection
EndGlobal
