
Microsoft Visual Studio Solution File, Format Version 12.00
# Visual Studio Version 16
VisualStudioVersion = 16.0.31019.35
MinimumVisualStudioVersion = 10.0.40219.1
Project("{2150E333-8FDC-42A3-9474-1A3956D46DE8}") = "Services", "Services", "{B95FC3CC-542A-493C-8BB6-EC3DC2C515C8}"
EndProject
Project("{2150E333-8FDC-42A3-9474-1A3956D46DE8}") = "Catalog", "Catalog", "{6D08EC33-AC9E-4CA2-A7F3-27F1CACC70FE}"
EndProject
Project("{9A19103F-16F7-4668-BE54-9A1E7A4F7556}") = "Catalog.API", "Services\Catalog\Catalog.API\Catalog.API.csproj", "{9A76162F-06CD-45A0-9D02-9537AC69D510}"
EndProject
Project("{E53339B2-1760-4266-BCC7-CA923CBCF16C}") = "docker-compose", "docker-compose.dcproj", "{D06DA899-5C21-478B-B9C5-D1F9332AA430}"
EndProject
Project("{2150E333-8FDC-42A3-9474-1A3956D46DE8}") = "Basket", "Basket", "{B6A354C3-46A9-45B4-8B05-D178B7925BFD}"
EndProject
Project("{FAE04EC0-301F-11D3-BF4B-00C04F79EFBC}") = "Basket.Api", "Services\Basket\Basket.Api\Basket.Api.csproj", "{BF7A3F0D-4406-40EE-9861-8B8DDA11807E}"
EndProject
Global
	GlobalSection(SolutionConfigurationPlatforms) = preSolution
		Debug|Any CPU = Debug|Any CPU
		Release|Any CPU = Release|Any CPU
	EndGlobalSection
	GlobalSection(ProjectConfigurationPlatforms) = postSolution
		{9A76162F-06CD-45A0-9D02-9537AC69D510}.Debug|Any CPU.ActiveCfg = Debug|Any CPU
		{9A76162F-06CD-45A0-9D02-9537AC69D510}.Debug|Any CPU.Build.0 = Debug|Any CPU
		{9A76162F-06CD-45A0-9D02-9537AC69D510}.Release|Any CPU.ActiveCfg = Release|Any CPU
		{9A76162F-06CD-45A0-9D02-9537AC69D510}.Release|Any CPU.Build.0 = Release|Any CPU
		{D06DA899-5C21-478B-B9C5-D1F9332AA430}.Debug|Any CPU.ActiveCfg = Debug|Any CPU
		{D06DA899-5C21-478B-B9C5-D1F9332AA430}.Debug|Any CPU.Build.0 = Debug|Any CPU
		{D06DA899-5C21-478B-B9C5-D1F9332AA430}.Release|Any CPU.ActiveCfg = Release|Any CPU
		{D06DA899-5C21-478B-B9C5-D1F9332AA430}.Release|Any CPU.Build.0 = Release|Any CPU
		{BF7A3F0D-4406-40EE-9861-8B8DDA11807E}.Debug|Any CPU.ActiveCfg = Debug|Any CPU
		{BF7A3F0D-4406-40EE-9861-8B8DDA11807E}.Debug|Any CPU.Build.0 = Debug|Any CPU
		{BF7A3F0D-4406-40EE-9861-8B8DDA11807E}.Release|Any CPU.ActiveCfg = Release|Any CPU
		{BF7A3F0D-4406-40EE-9861-8B8DDA11807E}.Release|Any CPU.Build.0 = Release|Any CPU
	EndGlobalSection
	GlobalSection(SolutionProperties) = preSolution
		HideSolutionNode = FALSE
	EndGlobalSection
	GlobalSection(NestedProjects) = preSolution
		{6D08EC33-AC9E-4CA2-A7F3-27F1CACC70FE} = {B95FC3CC-542A-493C-8BB6-EC3DC2C515C8}
		{9A76162F-06CD-45A0-9D02-9537AC69D510} = {6D08EC33-AC9E-4CA2-A7F3-27F1CACC70FE}
		{B6A354C3-46A9-45B4-8B05-D178B7925BFD} = {B95FC3CC-542A-493C-8BB6-EC3DC2C515C8}
		{BF7A3F0D-4406-40EE-9861-8B8DDA11807E} = {B6A354C3-46A9-45B4-8B05-D178B7925BFD}
	EndGlobalSection
	GlobalSection(ExtensibilityGlobals) = postSolution
		SolutionGuid = {D7192884-4ED5-4D97-8B8C-28ACC300FE13}
	EndGlobalSection
EndGlobal
